
Microsoft Visual Studio Solution File, Format Version 12.00
# Visual Studio 14
VisualStudioVersion = 14.0.25420.1
MinimumVisualStudioVersion = 10.0.40219.1
Project("{FAE04EC0-301F-11D3-BF4B-00C04F79EFBC}") = "QUANLY_BHST", "QUANLY_BHST\QUANLY_BHST.csproj", "{9FF3F2BD-0F00-4657-AD7D-BBA8920E2A01}"
EndProject
Project("{FAE04EC0-301F-11D3-BF4B-00C04F79EFBC}") = "DATA_ACCEST", "DATA_ACCEST\DATA_ACCEST.csproj", "{7D6C7B6B-86D7-4655-8EA8-FD48341C7C23}"
EndProject
Project("{FAE04EC0-301F-11D3-BF4B-00C04F79EFBC}") = "MODAL", "MODAL\MODAL.csproj", "{4D385BC8-8127-4149-8918-D17BC30233C1}"
EndProject
Project("{FAE04EC0-301F-11D3-BF4B-00C04F79EFBC}") = "CONTROL", "CONTROL\CONTROL.csproj", "{DBC28821-2788-43BB-BAB9-8820D5CD524B}"
EndProject
Global
	GlobalSection(SolutionConfigurationPlatforms) = preSolution
		Debug|Any CPU = Debug|Any CPU
		Release|Any CPU = Release|Any CPU
	EndGlobalSection
	GlobalSection(ProjectConfigurationPlatforms) = postSolution
		{9FF3F2BD-0F00-4657-AD7D-BBA8920E2A01}.Debug|Any CPU.ActiveCfg = Debug|Any CPU
		{9FF3F2BD-0F00-4657-AD7D-BBA8920E2A01}.Debug|Any CPU.Build.0 = Debug|Any CPU
		{9FF3F2BD-0F00-4657-AD7D-BBA8920E2A01}.Release|Any CPU.ActiveCfg = Release|Any CPU
		{9FF3F2BD-0F00-4657-AD7D-BBA8920E2A01}.Release|Any CPU.Build.0 = Release|Any CPU
		{7D6C7B6B-86D7-4655-8EA8-FD48341C7C23}.Debug|Any CPU.ActiveCfg = Debug|Any CPU
		{7D6C7B6B-86D7-4655-8EA8-FD48341C7C23}.Debug|Any CPU.Build.0 = Debug|Any CPU
		{7D6C7B6B-86D7-4655-8EA8-FD48341C7C23}.Release|Any CPU.ActiveCfg = Release|Any CPU
		{7D6C7B6B-86D7-4655-8EA8-FD48341C7C23}.Release|Any CPU.Build.0 = Release|Any CPU
		{4D385BC8-8127-4149-8918-D17BC30233C1}.Debug|Any CPU.ActiveCfg = Debug|Any CPU
		{4D385BC8-8127-4149-8918-D17BC30233C1}.Debug|Any CPU.Build.0 = Debug|Any CPU
		{4D385BC8-8127-4149-8918-D17BC30233C1}.Release|Any CPU.ActiveCfg = Release|Any CPU
		{4D385BC8-8127-4149-8918-D17BC30233C1}.Release|Any CPU.Build.0 = Release|Any CPU
		{DBC28821-2788-43BB-BAB9-8820D5CD524B}.Debug|Any CPU.ActiveCfg = Debug|Any CPU
		{DBC28821-2788-43BB-BAB9-8820D5CD524B}.Debug|Any CPU.Build.0 = Debug|Any CPU
		{DBC28821-2788-43BB-BAB9-8820D5CD524B}.Release|Any CPU.ActiveCfg = Release|Any CPU
		{DBC28821-2788-43BB-BAB9-8820D5CD524B}.Release|Any CPU.Build.0 = Release|Any CPU
	EndGlobalSection
	GlobalSection(SolutionProperties) = preSolution
		HideSolutionNode = FALSE
	EndGlobalSection
EndGlobal
